
Microsoft Visual Studio Solution File, Format Version 12.00
# Visual Studio Version 17
VisualStudioVersion = 17.12.35707.178
MinimumVisualStudioVersion = 10.0.40219.1
Project("{FAE04EC0-301F-11D3-BF4B-00C04F79EFBC}") = "TabibLens.Api", "TabibLens.Api.csproj", "{1033B3E2-59B5-4DB9-A70C-76F65FE5D9C2}"
EndProject
Project("{2150E333-8FDC-42A3-9474-1A3956D46DE8}") = "src", "src", "{009DFAB2-36A6-4D55-B63F-1A6CEB95092D}"
EndProject
Project("{2150E333-8FDC-42A3-9474-1A3956D46DE8}") = "Api", "Api", "{995164D3-2234-42E9-909A-F4B9ED98915D}"
EndProject
Project("{2150E333-8FDC-42A3-9474-1A3956D46DE8}") = "Domain", "Domain", "{F67FBA09-60B1-4006-9174-9FA93544AF89}"
EndProject
Project("{2150E333-8FDC-42A3-9474-1A3956D46DE8}") = "Infrastructure", "Infrastructure", "{69411301-8C40-461B-A21C-9DCC261AC1F3}"
EndProject
Project("{FAE04EC0-301F-11D3-BF4B-00C04F79EFBC}") = "Infra", "..\Infra\Infra.csproj", "{51B145D8-A1C7-439F-BE50-318424616338}"
	ProjectSection(ProjectDependencies) = postProject
		{D378B20C-49F1-4CF3-9F2B-8676A0D4FACE} = {D378B20C-49F1-4CF3-9F2B-8676A0D4FACE}
	EndProjectSection
EndProject
Project("{FAE04EC0-301F-11D3-BF4B-00C04F79EFBC}") = "Domain", "..\Domain\Domain.csproj", "{D378B20C-49F1-4CF3-9F2B-8676A0D4FACE}"
EndProject
Project("{FAE04EC0-301F-11D3-BF4B-00C04F79EFBC}") = "Application", "..\Application\Application.csproj", "{D65A386A-DDEB-4AA9-AAC7-C3DF9104B819}"
EndProject
Project("{2150E333-8FDC-42A3-9474-1A3956D46DE8}") = "Application", "Application", "{69793F26-0F08-4796-8BA3-F7BB1381A424}"
EndProject
Project("{2150E333-8FDC-42A3-9474-1A3956D46DE8}") = "Web", "Web", "{15673695-7963-4294-8763-04F386E08F78}"
EndProject
Project("{FAE04EC0-301F-11D3-BF4B-00C04F79EFBC}") = "TabibLens.Web", "..\TabibLens.Web\TabibLens.Web.csproj", "{034A06F6-258B-4565-8928-E24A90E7613D}"
EndProject
Global
	GlobalSection(SolutionConfigurationPlatforms) = preSolution
		Debug|Any CPU = Debug|Any CPU
		Release|Any CPU = Release|Any CPU
	EndGlobalSection
	GlobalSection(ProjectConfigurationPlatforms) = postSolution
		{1033B3E2-59B5-4DB9-A70C-76F65FE5D9C2}.Debug|Any CPU.ActiveCfg = Debug|Any CPU
		{1033B3E2-59B5-4DB9-A70C-76F65FE5D9C2}.Debug|Any CPU.Build.0 = Debug|Any CPU
		{1033B3E2-59B5-4DB9-A70C-76F65FE5D9C2}.Release|Any CPU.ActiveCfg = Release|Any CPU
		{1033B3E2-59B5-4DB9-A70C-76F65FE5D9C2}.Release|Any CPU.Build.0 = Release|Any CPU
		{51B145D8-A1C7-439F-BE50-318424616338}.Debug|Any CPU.ActiveCfg = Debug|Any CPU
		{51B145D8-A1C7-439F-BE50-318424616338}.Debug|Any CPU.Build.0 = Debug|Any CPU
		{51B145D8-A1C7-439F-BE50-318424616338}.Release|Any CPU.ActiveCfg = Release|Any CPU
		{51B145D8-A1C7-439F-BE50-318424616338}.Release|Any CPU.Build.0 = Release|Any CPU
		{D378B20C-49F1-4CF3-9F2B-8676A0D4FACE}.Debug|Any CPU.ActiveCfg = Debug|Any CPU
		{D378B20C-49F1-4CF3-9F2B-8676A0D4FACE}.Debug|Any CPU.Build.0 = Debug|Any CPU
		{D378B20C-49F1-4CF3-9F2B-8676A0D4FACE}.Release|Any CPU.ActiveCfg = Release|Any CPU
		{D378B20C-49F1-4CF3-9F2B-8676A0D4FACE}.Release|Any CPU.Build.0 = Release|Any CPU
		{D65A386A-DDEB-4AA9-AAC7-C3DF9104B819}.Debug|Any CPU.ActiveCfg = Debug|Any CPU
		{D65A386A-DDEB-4AA9-AAC7-C3DF9104B819}.Debug|Any CPU.Build.0 = Debug|Any CPU
		{D65A386A-DDEB-4AA9-AAC7-C3DF9104B819}.Release|Any CPU.ActiveCfg = Release|Any CPU
		{D65A386A-DDEB-4AA9-AAC7-C3DF9104B819}.Release|Any CPU.Build.0 = Release|Any CPU
		{034A06F6-258B-4565-8928-E24A90E7613D}.Debug|Any CPU.ActiveCfg = Debug|Any CPU
		{034A06F6-258B-4565-8928-E24A90E7613D}.Debug|Any CPU.Build.0 = Debug|Any CPU
		{034A06F6-258B-4565-8928-E24A90E7613D}.Release|Any CPU.ActiveCfg = Release|Any CPU
		{034A06F6-258B-4565-8928-E24A90E7613D}.Release|Any CPU.Build.0 = Release|Any CPU
	EndGlobalSection
	GlobalSection(SolutionProperties) = preSolution
		HideSolutionNode = FALSE
	EndGlobalSection
	GlobalSection(NestedProjects) = preSolution
		{1033B3E2-59B5-4DB9-A70C-76F65FE5D9C2} = {995164D3-2234-42E9-909A-F4B9ED98915D}
		{995164D3-2234-42E9-909A-F4B9ED98915D} = {009DFAB2-36A6-4D55-B63F-1A6CEB95092D}
		{F67FBA09-60B1-4006-9174-9FA93544AF89} = {009DFAB2-36A6-4D55-B63F-1A6CEB95092D}
		{69411301-8C40-461B-A21C-9DCC261AC1F3} = {009DFAB2-36A6-4D55-B63F-1A6CEB95092D}
		{51B145D8-A1C7-439F-BE50-318424616338} = {69411301-8C40-461B-A21C-9DCC261AC1F3}
		{D378B20C-49F1-4CF3-9F2B-8676A0D4FACE} = {F67FBA09-60B1-4006-9174-9FA93544AF89}
		{D65A386A-DDEB-4AA9-AAC7-C3DF9104B819} = {69793F26-0F08-4796-8BA3-F7BB1381A424}
		{69793F26-0F08-4796-8BA3-F7BB1381A424} = {009DFAB2-36A6-4D55-B63F-1A6CEB95092D}
		{034A06F6-258B-4565-8928-E24A90E7613D} = {15673695-7963-4294-8763-04F386E08F78}
	EndGlobalSection
EndGlobal
